// !$*UTF8*$!
{
	archiveVersion = 1;
	classes = {
	};
	objectVersion = 46;
	objects = {

/* Begin PBXBuildFile section */
		A0FABA8A1C1AC194009C7FCF /* AppDelegate.swift in Sources */ = {isa = PBXBuildFile; fileRef = A0FABA891C1AC194009C7FCF /* AppDelegate.swift */; };
		A0FABA911C1AC194009C7FCF /* Main.storyboard in Resources */ = {isa = PBXBuildFile; fileRef = A0FABA8F1C1AC194009C7FCF /* Main.storyboard */; };
		A0FABA931C1AC194009C7FCF /* Assets.xcassets in Resources */ = {isa = PBXBuildFile; fileRef = A0FABA921C1AC194009C7FCF /* Assets.xcassets */; };
		A0FABA961C1AC194009C7FCF /* LaunchScreen.storyboard in Resources */ = {isa = PBXBuildFile; fileRef = A0FABA941C1AC194009C7FCF /* LaunchScreen.storyboard */; };
		A0FABAA11C1AC195009C7FCF /* MyPagesTests.swift in Sources */ = {isa = PBXBuildFile; fileRef = A0FABAA01C1AC195009C7FCF /* MyPagesTests.swift */; };
		A0FABAAC1C1AC195009C7FCF /* MyPagesUITests.swift in Sources */ = {isa = PBXBuildFile; fileRef = A0FABAAB1C1AC195009C7FCF /* MyPagesUITests.swift */; };
		A0FABABC1C1AC1AF009C7FCF /* HomeViewController.swift in Sources */ = {isa = PBXBuildFile; fileRef = A0FABABA1C1AC1AF009C7FCF /* HomeViewController.swift */; };
		A0FABABD1C1AC1AF009C7FCF /* StudioViewController.swift in Sources */ = {isa = PBXBuildFile; fileRef = A0FABABB1C1AC1AF009C7FCF /* StudioViewController.swift */; };
/* End PBXBuildFile section */

/* Begin PBXContainerItemProxy section */
		A0FABA9D1C1AC194009C7FCF /* PBXContainerItemProxy */ = {
			isa = PBXContainerItemProxy;
			containerPortal = A0FABA7E1C1AC194009C7FCF /* Project object */;
			proxyType = 1;
			remoteGlobalIDString = A0FABA851C1AC194009C7FCF;
			remoteInfo = MyPages;
		};
		A0FABAA81C1AC195009C7FCF /* PBXContainerItemProxy */ = {
			isa = PBXContainerItemProxy;
			containerPortal = A0FABA7E1C1AC194009C7FCF /* Project object */;
			proxyType = 1;
			remoteGlobalIDString = A0FABA851C1AC194009C7FCF;
			remoteInfo = MyPages;
		};
/* End PBXContainerItemProxy section */

/* Begin PBXFileReference section */
		A0FABA861C1AC194009C7FCF /* MyPages.app */ = {isa = PBXFileReference; explicitFileType = wrapper.application; includeInIndex = 0; path = MyPages.app; sourceTree = BUILT_PRODUCTS_DIR; };
		A0FABA891C1AC194009C7FCF /* AppDelegate.swift */ = {isa = PBXFileReference; lastKnownFileType = sourcecode.swift; path = AppDelegate.swift; sourceTree = "<group>"; };
		A0FABA901C1AC194009C7FCF /* Base */ = {isa = PBXFileReference; lastKnownFileType = file.storyboard; name = Base; path = Base.lproj/Main.storyboard; sourceTree = "<group>"; };
		A0FABA921C1AC194009C7FCF /* Assets.xcassets */ = {isa = PBXFileReference; lastKnownFileType = folder.assetcatalog; path = Assets.xcassets; sourceTree = "<group>"; };
		A0FABA951C1AC194009C7FCF /* Base */ = {isa = PBXFileReference; lastKnownFileType = file.storyboard; name = Base; path = Base.lproj/LaunchScreen.storyboard; sourceTree = "<group>"; };
		A0FABA971C1AC194009C7FCF /* Info.plist */ = {isa = PBXFileReference; lastKnownFileType = text.plist.xml; path = Info.plist; sourceTree = "<group>"; };
		A0FABA9C1C1AC194009C7FCF /* MyPagesTests.xctest */ = {isa = PBXFileReference; explicitFileType = wrapper.cfbundle; includeInIndex = 0; path = MyPagesTests.xctest; sourceTree = BUILT_PRODUCTS_DIR; };
		A0FABAA01C1AC195009C7FCF /* MyPagesTests.swift */ = {isa = PBXFileReference; lastKnownFileType = sourcecode.swift; path = MyPagesTests.swift; sourceTree = "<group>"; };
		A0FABAA21C1AC195009C7FCF /* Info.plist */ = {isa = PBXFileReference; lastKnownFileType = text.plist.xml; path = Info.plist; sourceTree = "<group>"; };
		A0FABAA71C1AC195009C7FCF /* MyPagesUITests.xctest */ = {isa = PBXFileReference; explicitFileType = wrapper.cfbundle; includeInIndex = 0; path = MyPagesUITests.xctest; sourceTree = BUILT_PRODUCTS_DIR; };
		A0FABAAB1C1AC195009C7FCF /* MyPagesUITests.swift */ = {isa = PBXFileReference; lastKnownFileType = sourcecode.swift; path = MyPagesUITests.swift; sourceTree = "<group>"; };
		A0FABAAD1C1AC195009C7FCF /* Info.plist */ = {isa = PBXFileReference; lastKnownFileType = text.plist.xml; path = Info.plist; sourceTree = "<group>"; };
		A0FABABA1C1AC1AF009C7FCF /* HomeViewController.swift */ = {isa = PBXFileReference; fileEncoding = 4; lastKnownFileType = sourcecode.swift; path = HomeViewController.swift; sourceTree = "<group>"; };
		A0FABABB1C1AC1AF009C7FCF /* StudioViewController.swift */ = {isa = PBXFileReference; fileEncoding = 4; lastKnownFileType = sourcecode.swift; path = StudioViewController.swift; sourceTree = "<group>"; };
/* End PBXFileReference section */

/* Begin PBXFrameworksBuildPhase section */
		A0FABA831C1AC194009C7FCF /* Frameworks */ = {
			isa = PBXFrameworksBuildPhase;
			buildActionMask = 2147483647;
			files = (
			);
			runOnlyForDeploymentPostprocessing = 0;
		};
		A0FABA991C1AC194009C7FCF /* Frameworks */ = {
			isa = PBXFrameworksBuildPhase;
			buildActionMask = 2147483647;
			files = (
			);
			runOnlyForDeploymentPostprocessing = 0;
		};
		A0FABAA41C1AC195009C7FCF /* Frameworks */ = {
			isa = PBXFrameworksBuildPhase;
			buildActionMask = 2147483647;
			files = (
			);
			runOnlyForDeploymentPostprocessing = 0;
		};
/* End PBXFrameworksBuildPhase section */

/* Begin PBXGroup section */
		A0FABA7D1C1AC194009C7FCF = {
			isa = PBXGroup;
			children = (
				A0FABA881C1AC194009C7FCF /* MyPages */,
				A0FABA9F1C1AC194009C7FCF /* MyPagesTests */,
				A0FABAAA1C1AC195009C7FCF /* MyPagesUITests */,
				A0FABA871C1AC194009C7FCF /* Products */,
			);
			sourceTree = "<group>";
		};
		A0FABA871C1AC194009C7FCF /* Products */ = {
			isa = PBXGroup;
			children = (
				A0FABA861C1AC194009C7FCF /* MyPages.app */,
				A0FABA9C1C1AC194009C7FCF /* MyPagesTests.xctest */,
				A0FABAA71C1AC195009C7FCF /* MyPagesUITests.xctest */,
			);
			name = Products;
			sourceTree = "<group>";
		};
		A0FABA881C1AC194009C7FCF /* MyPages */ = {
			isa = PBXGroup;
			children = (
				A0FABAB91C1AC1AF009C7FCF /* Classes */,
				A0FABA891C1AC194009C7FCF /* AppDelegate.swift */,
				A0FABA8F1C1AC194009C7FCF /* Main.storyboard */,
				A0FABA921C1AC194009C7FCF /* Assets.xcassets */,
				A0FABA941C1AC194009C7FCF /* LaunchScreen.storyboard */,
				A0FABA971C1AC194009C7FCF /* Info.plist */,
			);
			path = MyPages;
			sourceTree = "<group>";
		};
		A0FABA9F1C1AC194009C7FCF /* MyPagesTests */ = {
			isa = PBXGroup;
			children = (
				A0FABAA01C1AC195009C7FCF /* MyPagesTests.swift */,
				A0FABAA21C1AC195009C7FCF /* Info.plist */,
			);
			path = MyPagesTests;
			sourceTree = "<group>";
		};
		A0FABAAA1C1AC195009C7FCF /* MyPagesUITests */ = {
			isa = PBXGroup;
			children = (
				A0FABAAB1C1AC195009C7FCF /* MyPagesUITests.swift */,
				A0FABAAD1C1AC195009C7FCF /* Info.plist */,
			);
			path = MyPagesUITests;
			sourceTree = "<group>";
		};
		A0FABAB91C1AC1AF009C7FCF /* Classes */ = {
			isa = PBXGroup;
			children = (
				A0FABABA1C1AC1AF009C7FCF /* HomeViewController.swift */,
				A0FABABB1C1AC1AF009C7FCF /* StudioViewController.swift */,
			);
			path = Classes;
			sourceTree = "<group>";
		};
/* End PBXGroup section */

/* Begin PBXNativeTarget section */
		A0FABA851C1AC194009C7FCF /* MyPages */ = {
			isa = PBXNativeTarget;
			buildConfigurationList = A0FABAB01C1AC195009C7FCF /* Build configuration list for PBXNativeTarget "MyPages" */;
			buildPhases = (
				A0FABA821C1AC194009C7FCF /* Sources */,
				A0FABA831C1AC194009C7FCF /* Frameworks */,
				A0FABA841C1AC194009C7FCF /* Resources */,
			);
			buildRules = (
			);
			dependencies = (
			);
			name = MyPages;
			productName = MyPages;
			productReference = A0FABA861C1AC194009C7FCF /* MyPages.app */;
			productType = "com.apple.product-type.application";
		};
		A0FABA9B1C1AC194009C7FCF /* MyPagesTests */ = {
			isa = PBXNativeTarget;
			buildConfigurationList = A0FABAB31C1AC195009C7FCF /* Build configuration list for PBXNativeTarget "MyPagesTests" */;
			buildPhases = (
				A0FABA981C1AC194009C7FCF /* Sources */,
				A0FABA991C1AC194009C7FCF /* Frameworks */,
				A0FABA9A1C1AC194009C7FCF /* Resources */,
			);
			buildRules = (
			);
			dependencies = (
				A0FABA9E1C1AC194009C7FCF /* PBXTargetDependency */,
			);
			name = MyPagesTests;
			productName = MyPagesTests;
			productReference = A0FABA9C1C1AC194009C7FCF /* MyPagesTests.xctest */;
			productType = "com.apple.product-type.bundle.unit-test";
		};
		A0FABAA61C1AC195009C7FCF /* MyPagesUITests */ = {
			isa = PBXNativeTarget;
			buildConfigurationList = A0FABAB61C1AC195009C7FCF /* Build configuration list for PBXNativeTarget "MyPagesUITests" */;
			buildPhases = (
				A0FABAA31C1AC195009C7FCF /* Sources */,
				A0FABAA41C1AC195009C7FCF /* Frameworks */,
				A0FABAA51C1AC195009C7FCF /* Resources */,
			);
			buildRules = (
			);
			dependencies = (
				A0FABAA91C1AC195009C7FCF /* PBXTargetDependency */,
			);
			name = MyPagesUITests;
			productName = MyPagesUITests;
			productReference = A0FABAA71C1AC195009C7FCF /* MyPagesUITests.xctest */;
			productType = "com.apple.product-type.bundle.ui-testing";
		};
/* End PBXNativeTarget section */

/* Begin PBXProject section */
		A0FABA7E1C1AC194009C7FCF /* Project object */ = {
			isa = PBXProject;
			attributes = {
				LastSwiftUpdateCheck = 0710;
				LastUpgradeCheck = 0710;
				ORGANIZATIONNAME = "Loi Wu";
				TargetAttributes = {
					A0FABA851C1AC194009C7FCF = {
						CreatedOnToolsVersion = 7.1.1;
					};
					A0FABA9B1C1AC194009C7FCF = {
						CreatedOnToolsVersion = 7.1.1;
						TestTargetID = A0FABA851C1AC194009C7FCF;
					};
					A0FABAA61C1AC195009C7FCF = {
						CreatedOnToolsVersion = 7.1.1;
						TestTargetID = A0FABA851C1AC194009C7FCF;
					};
				};
			};
			buildConfigurationList = A0FABA811C1AC194009C7FCF /* Build configuration list for PBXProject "MyPages" */;
			compatibilityVersion = "Xcode 3.2";
			developmentRegion = English;
			hasScannedForEncodings = 0;
			knownRegions = (
				en,
				Base,
			);
			mainGroup = A0FABA7D1C1AC194009C7FCF;
			productRefGroup = A0FABA871C1AC194009C7FCF /* Products */;
			projectDirPath = "";
			projectRoot = "";
			targets = (
				A0FABA851C1AC194009C7FCF /* MyPages */,
				A0FABA9B1C1AC194009C7FCF /* MyPagesTests */,
				A0FABAA61C1AC195009C7FCF /* MyPagesUITests */,
			);
		};
/* End PBXProject section */

/* Begin PBXResourcesBuildPhase section */
		A0FABA841C1AC194009C7FCF /* Resources */ = {
			isa = PBXResourcesBuildPhase;
			buildActionMask = 2147483647;
			files = (
				A0FABA961C1AC194009C7FCF /* LaunchScreen.storyboard in Resources */,
				A0FABA931C1AC194009C7FCF /* Assets.xcassets in Resources */,
				A0FABA911C1AC194009C7FCF /* Main.storyboard in Resources */,
			);
			runOnlyForDeploymentPostprocessing = 0;
		};
		A0FABA9A1C1AC194009C7FCF /* Resources */ = {
			isa = PBXResourcesBuildPhase;
			buildActionMask = 2147483647;
			files = (
			);
			runOnlyForDeploymentPostprocessing = 0;
		};
		A0FABAA51C1AC195009C7FCF /* Resources */ = {
			isa = PBXResourcesBuildPhase;
			buildActionMask = 2147483647;
			files = (
			);
			runOnlyForDeploymentPostprocessing = 0;
		};
/* End PBXResourcesBuildPhase section */

/* Begin PBXSourcesBuildPhase section */
		A0FABA821C1AC194009C7FCF /* Sources */ = {
			isa = PBXSourcesBuildPhase;
			buildActionMask = 2147483647;
			files = (
				A0FABA8A1C1AC194009C7FCF /* AppDelegate.swift in Sources */,
				A0FABABD1C1AC1AF009C7FCF /* StudioViewController.swift in Sources */,
				A0FABABC1C1AC1AF009C7FCF /* HomeViewController.swift in Sources */,
			);
			runOnlyForDeploymentPostprocessing = 0;
		};
		A0FABA981C1AC194009C7FCF /* Sources */ = {
			isa = PBXSourcesBuildPhase;
			buildActionMask = 2147483647;
			files = (
				A0FABAA11C1AC195009C7FCF /* MyPagesTests.swift in Sources */,
			);
			runOnlyForDeploymentPostprocessing = 0;
		};
		A0FABAA31C1AC195009C7FCF /* Sources */ = {
			isa = PBXSourcesBuildPhase;
			buildActionMask = 2147483647;
			files = (
				A0FABAAC1C1AC195009C7FCF /* MyPagesUITests.swift in Sources */,
			);
			runOnlyForDeploymentPostprocessing = 0;
		};
/* End PBXSourcesBuildPhase section */

/* Begin PBXTargetDependency section */
		A0FABA9E1C1AC194009C7FCF /* PBXTargetDependency */ = {
			isa = PBXTargetDependency;
			target = A0FABA851C1AC194009C7FCF /* MyPages */;
			targetProxy = A0FABA9D1C1AC194009C7FCF /* PBXContainerItemProxy */;
		};
		A0FABAA91C1AC195009C7FCF /* PBXTargetDependency */ = {
			isa = PBXTargetDependency;
			target = A0FABA851C1AC194009C7FCF /* MyPages */;
			targetProxy = A0FABAA81C1AC195009C7FCF /* PBXContainerItemProxy */;
		};
/* End PBXTargetDependency section */

/* Begin PBXVariantGroup section */
		A0FABA8F1C1AC194009C7FCF /* Main.storyboard */ = {
			isa = PBXVariantGroup;
			children = (
				A0FABA901C1AC194009C7FCF /* Base */,
			);
			name = Main.storyboard;
			sourceTree = "<group>";
		};
		A0FABA941C1AC194009C7FCF /* LaunchScreen.storyboard */ = {
			isa = PBXVariantGroup;
			children = (
				A0FABA951C1AC194009C7FCF /* Base */,
			);
			name = LaunchScreen.storyboard;
			sourceTree = "<group>";
		};
/* End PBXVariantGroup section */

/* Begin XCBuildConfiguration section */
		A0FABAAE1C1AC195009C7FCF /* Debug */ = {
			isa = XCBuildConfiguration;
			buildSettings = {
				ALWAYS_SEARCH_USER_PATHS = NO;
				CLANG_CXX_LANGUAGE_STANDARD = "gnu++0x";
				CLANG_CXX_LIBRARY = "libc++";
				CLANG_ENABLE_MODULES = YES;
				CLANG_ENABLE_OBJC_ARC = YES;
				CLANG_WARN_BOOL_CONVERSION = YES;
				CLANG_WARN_CONSTANT_CONVERSION = YES;
				CLANG_WARN_DIRECT_OBJC_ISA_USAGE = YES_ERROR;
				CLANG_WARN_EMPTY_BODY = YES;
				CLANG_WARN_ENUM_CONVERSION = YES;
				CLANG_WARN_INT_CONVERSION = YES;
				CLANG_WARN_OBJC_ROOT_CLASS = YES_ERROR;
				CLANG_WARN_UNREACHABLE_CODE = YES;
				CLANG_WARN__DUPLICATE_METHOD_MATCH = YES;
				"CODE_SIGN_IDENTITY[sdk=iphoneos*]" = "iPhone Developer";
				COPY_PHASE_STRIP = NO;
				DEBUG_INFORMATION_FORMAT = dwarf;
				ENABLE_STRICT_OBJC_MSGSEND = YES;
				ENABLE_TESTABILITY = YES;
				GCC_C_LANGUAGE_STANDARD = gnu99;
				GCC_DYNAMIC_NO_PIC = NO;
				GCC_NO_COMMON_BLOCKS = YES;
				GCC_OPTIMIZATION_LEVEL = 0;
				GCC_PREPROCESSOR_DEFINITIONS = (
					"DEBUG=1",
					"$(inherited)",
				);
				GCC_WARN_64_TO_32_BIT_CONVERSION = YES;
				GCC_WARN_ABOUT_RETURN_TYPE = YES_ERROR;
				GCC_WARN_UNDECLARED_SELECTOR = YES;
				GCC_WARN_UNINITIALIZED_AUTOS = YES_AGGRESSIVE;
				GCC_WARN_UNUSED_FUNCTION = YES;
				GCC_WARN_UNUSED_VARIABLE = YES;
				IPHONEOS_DEPLOYMENT_TARGET = 9.1;
				MTL_ENABLE_DEBUG_INFO = YES;
				ONLY_ACTIVE_ARCH = YES;
				SDKROOT = iphoneos;
				SWIFT_OPTIMIZATION_LEVEL = "-Onone";
				TARGETED_DEVICE_FAMILY = "1,2";
			};
			name = Debug;
		};
		A0FABAAF1C1AC195009C7FCF /* Release */ = {
			isa = XCBuildConfiguration;
			buildSettings = {
				ALWAYS_SEARCH_USER_PATHS = NO;
				CLANG_CXX_LANGUAGE_STANDARD = "gnu++0x";
				CLANG_CXX_LIBRARY = "libc++";
				CLANG_ENABLE_MODULES = YES;
				CLANG_ENABLE_OBJC_ARC = YES;
				CLANG_WARN_BOOL_CONVERSION = YES;
				CLANG_WARN_CONSTANT_CONVERSION = YES;
				CLANG_WARN_DIRECT_OBJC_ISA_USAGE = YES_ERROR;
				CLANG_WARN_EMPTY_BODY = YES;
				CLANG_WARN_ENUM_CONVERSION = YES;
				CLANG_WARN_INT_CONVERSION = YES;
				CLANG_WARN_OBJC_ROOT_CLASS = YES_ERROR;
				CLANG_WARN_UNREACHABLE_CODE = YES;
				CLANG_WARN__DUPLICATE_METHOD_MATCH = YES;
				"CODE_SIGN_IDENTITY[sdk=iphoneos*]" = "iPhone Developer";
				COPY_PHASE_STRIP = NO;
				DEBUG_INFORMATION_FORMAT = "dwarf-with-dsym";
				ENABLE_NS_ASSERTIONS = NO;
				ENABLE_STRICT_OBJC_MSGSEND = YES;
				GCC_C_LANGUAGE_STANDARD = gnu99;
				GCC_NO_COMMON_BLOCKS = YES;
				GCC_WARN_64_TO_32_BIT_CONVERSION = YES;
				GCC_WARN_ABOUT_RETURN_TYPE = YES_ERROR;
				GCC_WARN_UNDECLARED_SELECTOR = YES;
				GCC_WARN_UNINITIALIZED_AUTOS = YES_AGGRESSIVE;
				GCC_WARN_UNUSED_FUNCTION = YES;
				GCC_WARN_UNUSED_VARIABLE = YES;
				IPHONEOS_DEPLOYMENT_TARGET = 9.1;
				MTL_ENABLE_DEBUG_INFO = NO;
				SDKROOT = iphoneos;
				TARGETED_DEVICE_FAMILY = "1,2";
				VALIDATE_PRODUCT = YES;
			};
			name = Release;
		};
		A0FABAB11C1AC195009C7FCF /* Debug */ = {
			isa = XCBuildConfiguration;
			buildSettings = {
				ASSETCATALOG_COMPILER_APPICON_NAME = AppIcon;
				INFOPLIST_FILE = MyPages/Info.plist;
				LD_RUNPATH_SEARCH_PATHS = "$(inherited) @executable_path/Frameworks";
				PRODUCT_BUNDLE_IDENTIFIER = loi.justek.MyPages;
				PRODUCT_NAME = "$(TARGET_NAME)";
			};
			name = Debug;
		};
		A0FABAB21C1AC195009C7FCF /* Release */ = {
			isa = XCBuildConfiguration;
			buildSettings = {
				ASSETCATALOG_COMPILER_APPICON_NAME = AppIcon;
				INFOPLIST_FILE = MyPages/Info.plist;
				LD_RUNPATH_SEARCH_PATHS = "$(inherited) @executable_path/Frameworks";
				PRODUCT_BUNDLE_IDENTIFIER = loi.justek.MyPages;
				PRODUCT_NAME = "$(TARGET_NAME)";
			};
			name = Release;
		};
		A0FABAB41C1AC195009C7FCF /* Debug */ = {
			isa = XCBuildConfiguration;
			buildSettings = {
				BUNDLE_LOADER = "$(TEST_HOST)";
				INFOPLIST_FILE = MyPagesTests/Info.plist;
				LD_RUNPATH_SEARCH_PATHS = "$(inherited) @executable_path/Frameworks @loader_path/Frameworks";
				PRODUCT_BUNDLE_IDENTIFIER = loi.justek.MyPagesTests;
				PRODUCT_NAME = "$(TARGET_NAME)";
				TEST_HOST = "$(BUILT_PRODUCTS_DIR)/MyPages.app/MyPages";
			};
			name = Debug;
		};
		A0FABAB51C1AC195009C7FCF /* Release */ = {
			isa = XCBuildConfiguration;
			buildSettings = {
				BUNDLE_LOADER = "$(TEST_HOST)";
				INFOPLIST_FILE = MyPagesTests/Info.plist;
				LD_RUNPATH_SEARCH_PATHS = "$(inherited) @executable_path/Frameworks @loader_path/Frameworks";
				PRODUCT_BUNDLE_IDENTIFIER = loi.justek.MyPagesTests;
				PRODUCT_NAME = "$(TARGET_NAME)";
				TEST_HOST = "$(BUILT_PRODUCTS_DIR)/MyPages.app/MyPages";
			};
			name = Release;
		};
		A0FABAB71C1AC195009C7FCF /* Debug */ = {
			isa = XCBuildConfiguration;
			buildSettings = {
				INFOPLIST_FILE = MyPagesUITests/Info.plist;
				LD_RUNPATH_SEARCH_PATHS = "$(inherited) @executable_path/Frameworks @loader_path/Frameworks";
				PRODUCT_BUNDLE_IDENTIFIER = loi.justek.MyPagesUITests;
				PRODUCT_NAME = "$(TARGET_NAME)";
				TEST_TARGET_NAME = MyPages;
				USES_XCTRUNNER = YES;
			};
			name = Debug;
		};
		A0FABAB81C1AC195009C7FCF /* Release */ = {
			isa = XCBuildConfiguration;
			buildSettings = {
				INFOPLIST_FILE = MyPagesUITests/Info.plist;
				LD_RUNPATH_SEARCH_PATHS = "$(inherited) @executable_path/Frameworks @loader_path/Frameworks";
				PRODUCT_BUNDLE_IDENTIFIER = loi.justek.MyPagesUITests;
				PRODUCT_NAME = "$(TARGET_NAME)";
				TEST_TARGET_NAME = MyPages;
				USES_XCTRUNNER = YES;
			};
			name = Release;
		};
/* End XCBuildConfiguration section */

/* Begin XCConfigurationList section */
		A0FABA811C1AC194009C7FCF /* Build configuration list for PBXProject "MyPages" */ = {
			isa = XCConfigurationList;
			buildConfigurations = (
				A0FABAAE1C1AC195009C7FCF /* Debug */,
				A0FABAAF1C1AC195009C7FCF /* Release */,
			);
			defaultConfigurationIsVisible = 0;
			defaultConfigurationName = Release;
		};
		A0FABAB01C1AC195009C7FCF /* Build configuration list for PBXNativeTarget "MyPages" */ = {
			isa = XCConfigurationList;
			buildConfigurations = (
				A0FABAB11C1AC195009C7FCF /* Debug */,
				A0FABAB21C1AC195009C7FCF /* Release */,
			);
			defaultConfigurationIsVisible = 0;
		};
		A0FABAB31C1AC195009C7FCF /* Build configuration list for PBXNativeTarget "MyPagesTests" */ = {
			isa = XCConfigurationList;
			buildConfigurations = (
				A0FABAB41C1AC195009C7FCF /* Debug */,
				A0FABAB51C1AC195009C7FCF /* Release */,
			);
			defaultConfigurationIsVisible = 0;
		};
		A0FABAB61C1AC195009C7FCF /* Build configuration list for PBXNativeTarget "MyPagesUITests" */ = {
			isa = XCConfigurationList;
			buildConfigurations = (
				A0FABAB71C1AC195009C7FCF /* Debug */,
				A0FABAB81C1AC195009C7FCF /* Release */,
			);
			defaultConfigurationIsVisible = 0;
		};
/* End XCConfigurationList section */
	};
	rootObject = A0FABA7E1C1AC194009C7FCF /* Project object */;
}
